// !$*UTF8*$!
{
	archiveVersion = 1;
	classes = {
	};
	objectVersion = 56;
	objects = {

/* Begin PBXBuildFile section */
		2FE242642BCDE39B006B331C /* main.cpp in Sources */ = {isa = PBXBuildFile; fileRef = 2FE242632BCDE39B006B331C /* main.cpp */; };
		2FE2426C2BD1B341006B331C /* libmlutil.dylib in Frameworks */ = {isa = PBXBuildFile; fileRef = 2FE2426B2BD1B341006B331C /* libmlutil.dylib */; };
		2FE2426E2BD1B40F006B331C /* libmlutiltest.dylib in Frameworks */ = {isa = PBXBuildFile; fileRef = 2FE2426D2BD1B40F006B331C /* libmlutiltest.dylib */; };
/* End PBXBuildFile section */

/* Begin PBXCopyFilesBuildPhase section */
		2FE2425E2BCDE39B006B331C /* CopyFiles */ = {
			isa = PBXCopyFilesBuildPhase;
			buildActionMask = 2147483647;
			dstPath = /usr/share/man/man1/;
			dstSubfolderSpec = 0;
			files = (
			);
			runOnlyForDeploymentPostprocessing = 1;
		};
/* End PBXCopyFilesBuildPhase section */

/* Begin PBXFileReference section */
		2FE242602BCDE39B006B331C /* mlutilunittest */ = {isa = PBXFileReference; explicitFileType = "compiled.mach-o.executable"; includeInIndex = 0; path = mlutilunittest; sourceTree = BUILT_PRODUCTS_DIR; };
		2FE242632BCDE39B006B331C /* main.cpp */ = {isa = PBXFileReference; lastKnownFileType = sourcecode.cpp.cpp; path = main.cpp; sourceTree = "<group>"; };
		2FE2426B2BD1B341006B331C /* libmlutil.dylib */ = {isa = PBXFileReference; lastKnownFileType = "compiled.mach-o.dylib"; name = libmlutil.dylib; path = ../../../../../../../../../opt/MagicLantern/lib/libmlutil.dylib; sourceTree = "<group>"; };
		2FE2426D2BD1B40F006B331C /* libmlutiltest.dylib */ = {isa = PBXFileReference; lastKnownFileType = "compiled.mach-o.dylib"; name = libmlutiltest.dylib; path = "../mlutiltest/mlutiltest-DerivedData/mlutiltest/Build/Products/Debug/libmlutiltest.dylib"; sourceTree = "<group>"; };
/* End PBXFileReference section */

/* Begin PBXFrameworksBuildPhase section */
		2FE2425D2BCDE39B006B331C /* Frameworks */ = {
			isa = PBXFrameworksBuildPhase;
			buildActionMask = 2147483647;
			files = (
				2FE2426E2BD1B40F006B331C /* libmlutiltest.dylib in Frameworks */,
				2FE2426C2BD1B341006B331C /* libmlutil.dylib in Frameworks */,
			);
			runOnlyForDeploymentPostprocessing = 0;
		};
/* End PBXFrameworksBuildPhase section */

/* Begin PBXGroup section */
		2FE242572BCDE39B006B331C = {
			isa = PBXGroup;
			children = (
				2FE242622BCDE39B006B331C /* mlutilunittest */,
				2FE242612BCDE39B006B331C /* Products */,
				2FE2426A2BD1B341006B331C /* Frameworks */,
			);
			sourceTree = "<group>";
		};
		2FE242612BCDE39B006B331C /* Products */ = {
			isa = PBXGroup;
			children = (
				2FE242602BCDE39B006B331C /* mlutilunittest */,
			);
			name = Products;
			sourceTree = "<group>";
		};
		2FE242622BCDE39B006B331C /* mlutilunittest */ = {
			isa = PBXGroup;
			children = (
				2FE242632BCDE39B006B331C /* main.cpp */,
			);
			path = mlutilunittest;
			sourceTree = "<group>";
		};
		2FE2426A2BD1B341006B331C /* Frameworks */ = {
			isa = PBXGroup;
			children = (
				2FE2426D2BD1B40F006B331C /* libmlutiltest.dylib */,
				2FE2426B2BD1B341006B331C /* libmlutil.dylib */,
			);
			name = Frameworks;
			sourceTree = "<group>";
		};
/* End PBXGroup section */

/* Begin PBXNativeTarget section */
		2FE2425F2BCDE39B006B331C /* mlutilunittest */ = {
			isa = PBXNativeTarget;
			buildConfigurationList = 2FE242672BCDE39B006B331C /* Build configuration list for PBXNativeTarget "mlutilunittest" */;
			buildPhases = (
				2FE2425C2BCDE39B006B331C /* Sources */,
				2FE2425D2BCDE39B006B331C /* Frameworks */,
				2FE2425E2BCDE39B006B331C /* CopyFiles */,
			);
			buildRules = (
			);
			dependencies = (
			);
			name = mlutilunittest;
			productName = mlutilunittest;
			productReference = 2FE242602BCDE39B006B331C /* mlutilunittest */;
			productType = "com.apple.product-type.tool";
		};
/* End PBXNativeTarget section */

/* Begin PBXProject section */
		2FE242582BCDE39B006B331C /* Project object */ = {
			isa = PBXProject;
			attributes = {
				BuildIndependentTargetsInParallel = 1;
				LastUpgradeCheck = 1430;
				TargetAttributes = {
					2FE2425F2BCDE39B006B331C = {
						CreatedOnToolsVersion = 14.3.1;
					};
				};
			};
			buildConfigurationList = 2FE2425B2BCDE39B006B331C /* Build configuration list for PBXProject "mlutilunittest" */;
			compatibilityVersion = "Xcode 14.0";
			developmentRegion = en;
			hasScannedForEncodings = 0;
			knownRegions = (
				en,
				Base,
			);
			mainGroup = 2FE242572BCDE39B006B331C;
			productRefGroup = 2FE242612BCDE39B006B331C /* Products */;
			projectDirPath = "";
			projectRoot = "";
			targets = (
				2FE2425F2BCDE39B006B331C /* mlutilunittest */,
			);
		};
/* End PBXProject section */

/* Begin PBXSourcesBuildPhase section */
		2FE2425C2BCDE39B006B331C /* Sources */ = {
			isa = PBXSourcesBuildPhase;
			buildActionMask = 2147483647;
			files = (
				2FE242642BCDE39B006B331C /* main.cpp in Sources */,
			);
			runOnlyForDeploymentPostprocessing = 0;
		};
/* End PBXSourcesBuildPhase section */

/* Begin XCBuildConfiguration section */
		2FE242652BCDE39B006B331C /* Debug */ = {
			isa = XCBuildConfiguration;
			buildSettings = {
				ALWAYS_SEARCH_USER_PATHS = NO;
				CLANG_ANALYZER_NONNULL = YES;
				CLANG_ANALYZER_NUMBER_OBJECT_CONVERSION = YES_AGGRESSIVE;
				CLANG_CXX_LANGUAGE_STANDARD = "gnu++20";
				CLANG_ENABLE_MODULES = YES;
				CLANG_ENABLE_OBJC_ARC = YES;
				CLANG_ENABLE_OBJC_WEAK = YES;
				CLANG_WARN_BLOCK_CAPTURE_AUTORELEASING = YES;
				CLANG_WARN_BOOL_CONVERSION = YES;
				CLANG_WARN_COMMA = YES;
				CLANG_WARN_CONSTANT_CONVERSION = YES;
				CLANG_WARN_DEPRECATED_OBJC_IMPLEMENTATIONS = YES;
				CLANG_WARN_DIRECT_OBJC_ISA_USAGE = YES_ERROR;
				CLANG_WARN_DOCUMENTATION_COMMENTS = YES;
				CLANG_WARN_EMPTY_BODY = YES;
				CLANG_WARN_ENUM_CONVERSION = YES;
				CLANG_WARN_INFINITE_RECURSION = YES;
				CLANG_WARN_INT_CONVERSION = YES;
				CLANG_WARN_NON_LITERAL_NULL_CONVERSION = YES;
				CLANG_WARN_OBJC_IMPLICIT_RETAIN_SELF = YES;
				CLANG_WARN_OBJC_LITERAL_CONVERSION = YES;
				CLANG_WARN_OBJC_ROOT_CLASS = YES_ERROR;
				CLANG_WARN_QUOTED_INCLUDE_IN_FRAMEWORK_HEADER = YES;
				CLANG_WARN_RANGE_LOOP_ANALYSIS = YES;
				CLANG_WARN_STRICT_PROTOTYPES = YES;
				CLANG_WARN_SUSPICIOUS_MOVE = YES;
				CLANG_WARN_UNGUARDED_AVAILABILITY = YES_AGGRESSIVE;
				CLANG_WARN_UNREACHABLE_CODE = YES;
				CLANG_WARN__DUPLICATE_METHOD_MATCH = YES;
				COPY_PHASE_STRIP = NO;
				DEBUG_INFORMATION_FORMAT = dwarf;
				ENABLE_STRICT_OBJC_MSGSEND = YES;
				ENABLE_TESTABILITY = YES;
				GCC_C_LANGUAGE_STANDARD = gnu11;
				GCC_DYNAMIC_NO_PIC = NO;
				GCC_NO_COMMON_BLOCKS = YES;
				GCC_OPTIMIZATION_LEVEL = 0;
				GCC_PREPROCESSOR_DEFINITIONS = (
					"DEBUG=1",
					"$(inherited)",
				);
				GCC_WARN_64_TO_32_BIT_CONVERSION = YES;
				GCC_WARN_ABOUT_RETURN_TYPE = YES_ERROR;
				GCC_WARN_UNDECLARED_SELECTOR = YES;
				GCC_WARN_UNINITIALIZED_AUTOS = YES_AGGRESSIVE;
				GCC_WARN_UNUSED_FUNCTION = YES;
				GCC_WARN_UNUSED_VARIABLE = YES;
				MACOSX_DEPLOYMENT_TARGET = 13.3;
				MTL_ENABLE_DEBUG_INFO = INCLUDE_SOURCE;
				MTL_FAST_MATH = YES;
				ONLY_ACTIVE_ARCH = YES;
				SDKROOT = macosx;
			};
			name = Debug;
		};
		2FE242662BCDE39B006B331C /* Release */ = {
			isa = XCBuildConfiguration;
			buildSettings = {
				ALWAYS_SEARCH_USER_PATHS = NO;
				CLANG_ANALYZER_NONNULL = YES;
				CLANG_ANALYZER_NUMBER_OBJECT_CONVERSION = YES_AGGRESSIVE;
				CLANG_CXX_LANGUAGE_STANDARD = "gnu++20";
				CLANG_ENABLE_MODULES = YES;
				CLANG_ENABLE_OBJC_ARC = YES;
				CLANG_ENABLE_OBJC_WEAK = YES;
				CLANG_WARN_BLOCK_CAPTURE_AUTORELEASING = YES;
				CLANG_WARN_BOOL_CONVERSION = YES;
				CLANG_WARN_COMMA = YES;
				CLANG_WARN_CONSTANT_CONVERSION = YES;
				CLANG_WARN_DEPRECATED_OBJC_IMPLEMENTATIONS = YES;
				CLANG_WARN_DIRECT_OBJC_ISA_USAGE = YES_ERROR;
				CLANG_WARN_DOCUMENTATION_COMMENTS = YES;
				CLANG_WARN_EMPTY_BODY = YES;
				CLANG_WARN_ENUM_CONVERSION = YES;
				CLANG_WARN_INFINITE_RECURSION = YES;
				CLANG_WARN_INT_CONVERSION = YES;
				CLANG_WARN_NON_LITERAL_NULL_CONVERSION = YES;
				CLANG_WARN_OBJC_IMPLICIT_RETAIN_SELF = YES;
				CLANG_WARN_OBJC_LITERAL_CONVERSION = YES;
				CLANG_WARN_OBJC_ROOT_CLASS = YES_ERROR;
				CLANG_WARN_QUOTED_INCLUDE_IN_FRAMEWORK_HEADER = YES;
				CLANG_WARN_RANGE_LOOP_ANALYSIS = YES;
				CLANG_WARN_STRICT_PROTOTYPES = YES;
				CLANG_WARN_SUSPICIOUS_MOVE = YES;
				CLANG_WARN_UNGUARDED_AVAILABILITY = YES_AGGRESSIVE;
				CLANG_WARN_UNREACHABLE_CODE = YES;
				CLANG_WARN__DUPLICATE_METHOD_MATCH = YES;
				COPY_PHASE_STRIP = NO;
				DEBUG_INFORMATION_FORMAT = "dwarf-with-dsym";
				ENABLE_NS_ASSERTIONS = NO;
				ENABLE_STRICT_OBJC_MSGSEND = YES;
				GCC_C_LANGUAGE_STANDARD = gnu11;
				GCC_NO_COMMON_BLOCKS = YES;
				GCC_WARN_64_TO_32_BIT_CONVERSION = YES;
				GCC_WARN_ABOUT_RETURN_TYPE = YES_ERROR;
				GCC_WARN_UNDECLARED_SELECTOR = YES;
				GCC_WARN_UNINITIALIZED_AUTOS = YES_AGGRESSIVE;
				GCC_WARN_UNUSED_FUNCTION = YES;
				GCC_WARN_UNUSED_VARIABLE = YES;
				MACOSX_DEPLOYMENT_TARGET = 13.3;
				MTL_ENABLE_DEBUG_INFO = NO;
				MTL_FAST_MATH = YES;
				SDKROOT = macosx;
			};
			name = Release;
		};
		2FE242682BCDE39B006B331C /* Debug */ = {
			isa = XCBuildConfiguration;
			buildSettings = {
				CODE_SIGN_STYLE = Automatic;
				"HEADER_SEARCH_PATHS[sdk=macosx*]" = (
					../mlutiltest/include,
					/opt/homebrew/Cellar/googletest/1.14.0/include,
					/opt/MagicLantern/include,
				);
				LIBRARY_SEARCH_PATHS = (
					"$(inherited)",
					/opt/MagicLantern/lib,
				);
				PRODUCT_NAME = "$(TARGET_NAME)";
			};
			name = Debug;
		};
		2FE242692BCDE39B006B331C /* Release */ = {
			isa = XCBuildConfiguration;
			buildSettings = {
				CODE_SIGN_STYLE = Automatic;
				"HEADER_SEARCH_PATHS[sdk=macosx*]" = (
					../mlutiltest/include,
					/opt/homebrew/Cellar/googletest/1.14.0.include,
					/opt/MagicLantern/include,
				);
				LIBRARY_SEARCH_PATHS = (
					"$(inherited)",
					/opt/MagicLantern/lib,
				);
				PRODUCT_NAME = "$(TARGET_NAME)";
			};
			name = Release;
		};
/* End XCBuildConfiguration section */

/* Begin XCConfigurationList section */
		2FE2425B2BCDE39B006B331C /* Build configuration list for PBXProject "mlutilunittest" */ = {
			isa = XCConfigurationList;
			buildConfigurations = (
				2FE242652BCDE39B006B331C /* Debug */,
				2FE242662BCDE39B006B331C /* Release */,
			);
			defaultConfigurationIsVisible = 0;
			defaultConfigurationName = Release;
		};
		2FE242672BCDE39B006B331C /* Build configuration list for PBXNativeTarget "mlutilunittest" */ = {
			isa = XCConfigurationList;
			buildConfigurations = (
				2FE242682BCDE39B006B331C /* Debug */,
				2FE242692BCDE39B006B331C /* Release */,
			);
			defaultConfigurationIsVisible = 0;
			defaultConfigurationName = Release;
		};
/* End XCConfigurationList section */
	};
	rootObject = 2FE242582BCDE39B006B331C /* Project object */;
}
